{
  "name": "webserver",
  "version": "1.0.0",
  "lockfileVersion": 1,
  "requires": true,
  "dependencies": {
    "node": {
      "version": "11.1.0",
      "resolved": "https://registry.npmjs.org/node/-/node-11.1.0.tgz",
      "integrity": "sha512-m5XGeSfe8FnE36L5DQtoi/zH0HkXUITOatp8VG0AUN4sRmrXKRhFhCw/thMaG2GiKuNGqfqKlNCucGcc+BjDlQ==",
      "requires": {
        "node-bin-setup": "^1.0.0"
      }
    },
    "node-bin-setup": {
      "version": "1.0.6",
      "resolved": "https://registry.npmjs.org/node-bin-setup/-/node-bin-setup-1.0.6.tgz",
      "integrity": "sha512-uPIxXNis1CRbv1DwqAxkgBk5NFV3s7cMN/Gf556jSw6jBvV7ca4F9lRL/8cALcZecRibeqU+5dFYqFFmzv5a0Q=="
    }
  }
}
